
Microsoft Visual Studio Solution File, Format Version 12.00
# Visual Studio Version 16
VisualStudioVersion = 16.0.29709.97
MinimumVisualStudioVersion = 10.0.40219.1
Project("{FAE04EC0-301F-11D3-BF4B-00C04F79EFBC}") = "GoogleMaps", "GoogleMaps\GoogleMaps.csproj", "{9A5DEC08-1430-41A0-BA5D-8DF0FAC9C3AE}"
EndProject
Global
	GlobalSection(SolutionConfigurationPlatforms) = preSolution
		Debug|Any CPU = Debug|Any CPU
		Release|Any CPU = Release|Any CPU
	EndGlobalSection
	GlobalSection(ProjectConfigurationPlatforms) = postSolution
		{9A5DEC08-1430-41A0-BA5D-8DF0FAC9C3AE}.Debug|Any CPU.ActiveCfg = Debug|Any CPU
		{9A5DEC08-1430-41A0-BA5D-8DF0FAC9C3AE}.Debug|Any CPU.Build.0 = Debug|Any CPU
		{9A5DEC08-1430-41A0-BA5D-8DF0FAC9C3AE}.Release|Any CPU.ActiveCfg = Release|Any CPU
		{9A5DEC08-1430-41A0-BA5D-8DF0FAC9C3AE}.Release|Any CPU.Build.0 = Release|Any CPU
	EndGlobalSection
	GlobalSection(SolutionProperties) = preSolution
		HideSolutionNode = FALSE
	EndGlobalSection
	GlobalSection(ExtensibilityGlobals) = postSolution
		SolutionGuid = {3DDAC3D0-6535-40F9-A91B-3B2BD4947803}
	EndGlobalSection
EndGlobal
